
Microsoft Visual Studio Solution File, Format Version 12.00
# Visual Studio Version 17
VisualStudioVersion = 17.0.31903.59
MinimumVisualStudioVersion = 10.0.40219.1
Project("{2150E333-8FDC-42A3-9474-1A3956D46DE8}") = "src", "src", "{827E0CD3-B72D-47B6-A68D-7590B98EB39B}"
EndProject
Project("{FAE04EC0-301F-11D3-BF4B-00C04F79EFBC}") = "TIKR.Shared", "src\TIKR.Shared\TIKR.Shared.csproj", "{6E369487-BC38-4C8E-960E-522BE57C7AE0}"
EndProject
Project("{FAE04EC0-301F-11D3-BF4B-00C04F79EFBC}") = "TIKR.Infrastructure", "src\TIKR.Infrastructure\TIKR.Infrastructure.csproj", "{3299D227-BC8C-4399-813C-16AB39090C16}"
EndProject
Project("{FAE04EC0-301F-11D3-BF4B-00C04F79EFBC}") = "TIKR.Api", "src\TIKR.Api\TIKR.Api.csproj", "{8CFC3241-9FD5-43B7-A857-472002F813D8}"
EndProject
Project("{FAE04EC0-301F-11D3-BF4B-00C04F79EFBC}") = "TIKR.Web", "src\TIKR.Web\TIKR.Web.csproj", "{72768B67-D7D9-448C-8C4F-B9E6F32F24D2}"
EndProject
Project("{2150E333-8FDC-42A3-9474-1A3956D46DE8}") = "tests", "tests", "{0AB3BF05-4346-4AA6-1389-037BE0695223}"
EndProject
Project("{FAE04EC0-301F-11D3-BF4B-00C04F79EFBC}") = "TIKR.Shared.Tests", "tests\TIKR.Shared.Tests\TIKR.Shared.Tests.csproj", "{5D41C8D6-AD72-4BDD-B97B-58CC1827FFC6}"
EndProject
Project("{FAE04EC0-301F-11D3-BF4B-00C04F79EFBC}") = "TIKR.Infrastructure.Tests", "tests\TIKR.Infrastructure.Tests\TIKR.Infrastructure.Tests.csproj", "{4796E640-BEB1-49CC-9A43-ACDF26B23705}"
EndProject
Project("{FAE04EC0-301F-11D3-BF4B-00C04F79EFBC}") = "TIKR.Api.Tests", "tests\TIKR.Api.Tests\TIKR.Api.Tests.csproj", "{F8E3E121-DE1D-4378-8876-31B03F00B6D5}"
EndProject
Project("{FAE04EC0-301F-11D3-BF4B-00C04F79EFBC}") = "TIKR.Web.Tests", "tests\TIKR.Web.Tests\TIKR.Web.Tests.csproj", "{01913604-5AF2-4B88-956A-955187667DC7}"
EndProject
Global
	GlobalSection(SolutionConfigurationPlatforms) = preSolution
		Debug|Any CPU = Debug|Any CPU
		Debug|x64 = Debug|x64
		Debug|x86 = Debug|x86
		Release|Any CPU = Release|Any CPU
		Release|x64 = Release|x64
		Release|x86 = Release|x86
	EndGlobalSection
	GlobalSection(ProjectConfigurationPlatforms) = postSolution
		{6E369487-BC38-4C8E-960E-522BE57C7AE0}.Debug|Any CPU.ActiveCfg = Debug|Any CPU
		{6E369487-BC38-4C8E-960E-522BE57C7AE0}.Debug|Any CPU.Build.0 = Debug|Any CPU
		{6E369487-BC38-4C8E-960E-522BE57C7AE0}.Debug|x64.ActiveCfg = Debug|Any CPU
		{6E369487-BC38-4C8E-960E-522BE57C7AE0}.Debug|x64.Build.0 = Debug|Any CPU
		{6E369487-BC38-4C8E-960E-522BE57C7AE0}.Debug|x86.ActiveCfg = Debug|Any CPU
		{6E369487-BC38-4C8E-960E-522BE57C7AE0}.Debug|x86.Build.0 = Debug|Any CPU
		{6E369487-BC38-4C8E-960E-522BE57C7AE0}.Release|Any CPU.ActiveCfg = Release|Any CPU
		{6E369487-BC38-4C8E-960E-522BE57C7AE0}.Release|Any CPU.Build.0 = Release|Any CPU
		{6E369487-BC38-4C8E-960E-522BE57C7AE0}.Release|x64.ActiveCfg = Release|Any CPU
		{6E369487-BC38-4C8E-960E-522BE57C7AE0}.Release|x64.Build.0 = Release|Any CPU
		{6E369487-BC38-4C8E-960E-522BE57C7AE0}.Release|x86.ActiveCfg = Release|Any CPU
		{6E369487-BC38-4C8E-960E-522BE57C7AE0}.Release|x86.Build.0 = Release|Any CPU
		{3299D227-BC8C-4399-813C-16AB39090C16}.Debug|Any CPU.ActiveCfg = Debug|Any CPU
		{3299D227-BC8C-4399-813C-16AB39090C16}.Debug|Any CPU.Build.0 = Debug|Any CPU
		{3299D227-BC8C-4399-813C-16AB39090C16}.Debug|x64.ActiveCfg = Debug|Any CPU
		{3299D227-BC8C-4399-813C-16AB39090C16}.Debug|x64.Build.0 = Debug|Any CPU
		{3299D227-BC8C-4399-813C-16AB39090C16}.Debug|x86.ActiveCfg = Debug|Any CPU
		{3299D227-BC8C-4399-813C-16AB39090C16}.Debug|x86.Build.0 = Debug|Any CPU
		{3299D227-BC8C-4399-813C-16AB39090C16}.Release|Any CPU.ActiveCfg = Release|Any CPU
		{3299D227-BC8C-4399-813C-16AB39090C16}.Release|Any CPU.Build.0 = Release|Any CPU
		{3299D227-BC8C-4399-813C-16AB39090C16}.Release|x64.ActiveCfg = Release|Any CPU
		{3299D227-BC8C-4399-813C-16AB39090C16}.Release|x64.Build.0 = Release|Any CPU
		{3299D227-BC8C-4399-813C-16AB39090C16}.Release|x86.ActiveCfg = Release|Any CPU
		{3299D227-BC8C-4399-813C-16AB39090C16}.Release|x86.Build.0 = Release|Any CPU
		{8CFC3241-9FD5-43B7-A857-472002F813D8}.Debug|Any CPU.ActiveCfg = Debug|Any CPU
		{8CFC3241-9FD5-43B7-A857-472002F813D8}.Debug|Any CPU.Build.0 = Debug|Any CPU
		{8CFC3241-9FD5-43B7-A857-472002F813D8}.Debug|x64.ActiveCfg = Debug|Any CPU
		{8CFC3241-9FD5-43B7-A857-472002F813D8}.Debug|x64.Build.0 = Debug|Any CPU
		{8CFC3241-9FD5-43B7-A857-472002F813D8}.Debug|x86.ActiveCfg = Debug|Any CPU
		{8CFC3241-9FD5-43B7-A857-472002F813D8}.Debug|x86.Build.0 = Debug|Any CPU
		{8CFC3241-9FD5-43B7-A857-472002F813D8}.Release|Any CPU.ActiveCfg = Release|Any CPU
		{8CFC3241-9FD5-43B7-A857-472002F813D8}.Release|Any CPU.Build.0 = Release|Any CPU
		{8CFC3241-9FD5-43B7-A857-472002F813D8}.Release|x64.ActiveCfg = Release|Any CPU
		{8CFC3241-9FD5-43B7-A857-472002F813D8}.Release|x64.Build.0 = Release|Any CPU
		{8CFC3241-9FD5-43B7-A857-472002F813D8}.Release|x86.ActiveCfg = Release|Any CPU
		{8CFC3241-9FD5-43B7-A857-472002F813D8}.Release|x86.Build.0 = Release|Any CPU
		{72768B67-D7D9-448C-8C4F-B9E6F32F24D2}.Debug|Any CPU.ActiveCfg = Debug|Any CPU
		{72768B67-D7D9-448C-8C4F-B9E6F32F24D2}.Debug|Any CPU.Build.0 = Debug|Any CPU
		{72768B67-D7D9-448C-8C4F-B9E6F32F24D2}.Debug|x64.ActiveCfg = Debug|Any CPU
		{72768B67-D7D9-448C-8C4F-B9E6F32F24D2}.Debug|x64.Build.0 = Debug|Any CPU
		{72768B67-D7D9-448C-8C4F-B9E6F32F24D2}.Debug|x86.ActiveCfg = Debug|Any CPU
		{72768B67-D7D9-448C-8C4F-B9E6F32F24D2}.Debug|x86.Build.0 = Debug|Any CPU
		{72768B67-D7D9-448C-8C4F-B9E6F32F24D2}.Release|Any CPU.ActiveCfg = Release|Any CPU
		{72768B67-D7D9-448C-8C4F-B9E6F32F24D2}.Release|Any CPU.Build.0 = Release|Any CPU
		{72768B67-D7D9-448C-8C4F-B9E6F32F24D2}.Release|x64.ActiveCfg = Release|Any CPU
		{72768B67-D7D9-448C-8C4F-B9E6F32F24D2}.Release|x64.Build.0 = Release|Any CPU
		{72768B67-D7D9-448C-8C4F-B9E6F32F24D2}.Release|x86.ActiveCfg = Release|Any CPU
		{72768B67-D7D9-448C-8C4F-B9E6F32F24D2}.Release|x86.Build.0 = Release|Any CPU
		{5D41C8D6-AD72-4BDD-B97B-58CC1827FFC6}.Debug|Any CPU.ActiveCfg = Debug|Any CPU
		{5D41C8D6-AD72-4BDD-B97B-58CC1827FFC6}.Debug|Any CPU.Build.0 = Debug|Any CPU
		{5D41C8D6-AD72-4BDD-B97B-58CC1827FFC6}.Debug|x64.ActiveCfg = Debug|Any CPU
		{5D41C8D6-AD72-4BDD-B97B-58CC1827FFC6}.Debug|x64.Build.0 = Debug|Any CPU
		{5D41C8D6-AD72-4BDD-B97B-58CC1827FFC6}.Debug|x86.ActiveCfg = Debug|Any CPU
		{5D41C8D6-AD72-4BDD-B97B-58CC1827FFC6}.Debug|x86.Build.0 = Debug|Any CPU
		{5D41C8D6-AD72-4BDD-B97B-58CC1827FFC6}.Release|Any CPU.ActiveCfg = Release|Any CPU
		{5D41C8D6-AD72-4BDD-B97B-58CC1827FFC6}.Release|Any CPU.Build.0 = Release|Any CPU
		{5D41C8D6-AD72-4BDD-B97B-58CC1827FFC6}.Release|x64.ActiveCfg = Release|Any CPU
		{5D41C8D6-AD72-4BDD-B97B-58CC1827FFC6}.Release|x64.Build.0 = Release|Any CPU
		{5D41C8D6-AD72-4BDD-B97B-58CC1827FFC6}.Release|x86.ActiveCfg = Release|Any CPU
		{5D41C8D6-AD72-4BDD-B97B-58CC1827FFC6}.Release|x86.Build.0 = Release|Any CPU
		{4796E640-BEB1-49CC-9A43-ACDF26B23705}.Debug|Any CPU.ActiveCfg = Debug|Any CPU
		{4796E640-BEB1-49CC-9A43-ACDF26B23705}.Debug|Any CPU.Build.0 = Debug|Any CPU
		{4796E640-BEB1-49CC-9A43-ACDF26B23705}.Debug|x64.ActiveCfg = Debug|Any CPU
		{4796E640-BEB1-49CC-9A43-ACDF26B23705}.Debug|x64.Build.0 = Debug|Any CPU
		{4796E640-BEB1-49CC-9A43-ACDF26B23705}.Debug|x86.ActiveCfg = Debug|Any CPU
		{4796E640-BEB1-49CC-9A43-ACDF26B23705}.Debug|x86.Build.0 = Debug|Any CPU
		{4796E640-BEB1-49CC-9A43-ACDF26B23705}.Release|Any CPU.ActiveCfg = Release|Any CPU
		{4796E640-BEB1-49CC-9A43-ACDF26B23705}.Release|Any CPU.Build.0 = Release|Any CPU
		{4796E640-BEB1-49CC-9A43-ACDF26B23705}.Release|x64.ActiveCfg = Release|Any CPU
		{4796E640-BEB1-49CC-9A43-ACDF26B23705}.Release|x64.Build.0 = Release|Any CPU
		{4796E640-BEB1-49CC-9A43-ACDF26B23705}.Release|x86.ActiveCfg = Release|Any CPU
		{4796E640-BEB1-49CC-9A43-ACDF26B23705}.Release|x86.Build.0 = Release|Any CPU
		{F8E3E121-DE1D-4378-8876-31B03F00B6D5}.Debug|Any CPU.ActiveCfg = Debug|Any CPU
		{F8E3E121-DE1D-4378-8876-31B03F00B6D5}.Debug|Any CPU.Build.0 = Debug|Any CPU
		{F8E3E121-DE1D-4378-8876-31B03F00B6D5}.Debug|x64.ActiveCfg = Debug|Any CPU
		{F8E3E121-DE1D-4378-8876-31B03F00B6D5}.Debug|x64.Build.0 = Debug|Any CPU
		{F8E3E121-DE1D-4378-8876-31B03F00B6D5}.Debug|x86.ActiveCfg = Debug|Any CPU
		{F8E3E121-DE1D-4378-8876-31B03F00B6D5}.Debug|x86.Build.0 = Debug|Any CPU
		{F8E3E121-DE1D-4378-8876-31B03F00B6D5}.Release|Any CPU.ActiveCfg = Release|Any CPU
		{F8E3E121-DE1D-4378-8876-31B03F00B6D5}.Release|Any CPU.Build.0 = Release|Any CPU
		{F8E3E121-DE1D-4378-8876-31B03F00B6D5}.Release|x64.ActiveCfg = Release|Any CPU
		{F8E3E121-DE1D-4378-8876-31B03F00B6D5}.Release|x64.Build.0 = Release|Any CPU
		{F8E3E121-DE1D-4378-8876-31B03F00B6D5}.Release|x86.ActiveCfg = Release|Any CPU
		{F8E3E121-DE1D-4378-8876-31B03F00B6D5}.Release|x86.Build.0 = Release|Any CPU
		{01913604-5AF2-4B88-956A-955187667DC7}.Debug|Any CPU.ActiveCfg = Debug|Any CPU
		{01913604-5AF2-4B88-956A-955187667DC7}.Debug|Any CPU.Build.0 = Debug|Any CPU
		{01913604-5AF2-4B88-956A-955187667DC7}.Debug|x64.ActiveCfg = Debug|Any CPU
		{01913604-5AF2-4B88-956A-955187667DC7}.Debug|x64.Build.0 = Debug|Any CPU
		{01913604-5AF2-4B88-956A-955187667DC7}.Debug|x86.ActiveCfg = Debug|Any CPU
		{01913604-5AF2-4B88-956A-955187667DC7}.Debug|x86.Build.0 = Debug|Any CPU
		{01913604-5AF2-4B88-956A-955187667DC7}.Release|Any CPU.ActiveCfg = Release|Any CPU
		{01913604-5AF2-4B88-956A-955187667DC7}.Release|Any CPU.Build.0 = Release|Any CPU
		{01913604-5AF2-4B88-956A-955187667DC7}.Release|x64.ActiveCfg = Release|Any CPU
		{01913604-5AF2-4B88-956A-955187667DC7}.Release|x64.Build.0 = Release|Any CPU
		{01913604-5AF2-4B88-956A-955187667DC7}.Release|x86.ActiveCfg = Release|Any CPU
		{01913604-5AF2-4B88-956A-955187667DC7}.Release|x86.Build.0 = Release|Any CPU
	EndGlobalSection
	GlobalSection(SolutionProperties) = preSolution
		HideSolutionNode = FALSE
	EndGlobalSection
	GlobalSection(NestedProjects) = preSolution
		{6E369487-BC38-4C8E-960E-522BE57C7AE0} = {827E0CD3-B72D-47B6-A68D-7590B98EB39B}
		{3299D227-BC8C-4399-813C-16AB39090C16} = {827E0CD3-B72D-47B6-A68D-7590B98EB39B}
		{8CFC3241-9FD5-43B7-A857-472002F813D8} = {827E0CD3-B72D-47B6-A68D-7590B98EB39B}
		{72768B67-D7D9-448C-8C4F-B9E6F32F24D2} = {827E0CD3-B72D-47B6-A68D-7590B98EB39B}
		{5D41C8D6-AD72-4BDD-B97B-58CC1827FFC6} = {0AB3BF05-4346-4AA6-1389-037BE0695223}
		{4796E640-BEB1-49CC-9A43-ACDF26B23705} = {0AB3BF05-4346-4AA6-1389-037BE0695223}
		{F8E3E121-DE1D-4378-8876-31B03F00B6D5} = {0AB3BF05-4346-4AA6-1389-037BE0695223}
		{01913604-5AF2-4B88-956A-955187667DC7} = {0AB3BF05-4346-4AA6-1389-037BE0695223}
	EndGlobalSection
EndGlobal
